
Microsoft Visual Studio Solution File, Format Version 12.00
# Visual Studio 15
VisualStudioVersion = 15.0.26228.9
MinimumVisualStudioVersion = 10.0.40219.1
Project("{FAE04EC0-301F-11D3-BF4B-00C04F79EFBC}") = "Smoothing Cubic Spline", "Smoothing Cubic Spline\Smoothing Cubic Spline.csproj", "{59DDAE47-E5D0-4B72-8E21-A306C95A662B}"
EndProject
Project("{8BC9CEB8-8B4A-11D0-8D11-00A0C91BC942}") = "CppWrapper", "CppWrapper\CppWrapper.vcxproj", "{A3FD13AD-C665-46EF-8EDD-ABF5CE14E90A}"
EndProject
Project("{8BC9CEB8-8B4A-11D0-8D11-00A0C91BC942}") = "SmoothCubicSplines.Tests", "SmoothCubicSplines.Tests\SmoothCubicSplines.Tests.vcxproj", "{B6A03643-F742-4E90-8718-951BD3256585}"
EndProject
Global
	GlobalSection(SolutionConfigurationPlatforms) = preSolution
		Debug|Any CPU = Debug|Any CPU
		Debug|x64 = Debug|x64
		Debug|x86 = Debug|x86
		Release|Any CPU = Release|Any CPU
		Release|x64 = Release|x64
		Release|x86 = Release|x86
	EndGlobalSection
	GlobalSection(ProjectConfigurationPlatforms) = postSolution
		{59DDAE47-E5D0-4B72-8E21-A306C95A662B}.Debug|Any CPU.ActiveCfg = Debug|Any CPU
		{59DDAE47-E5D0-4B72-8E21-A306C95A662B}.Debug|Any CPU.Build.0 = Debug|Any CPU
		{59DDAE47-E5D0-4B72-8E21-A306C95A662B}.Debug|x64.ActiveCfg = Debug|Any CPU
		{59DDAE47-E5D0-4B72-8E21-A306C95A662B}.Debug|x64.Build.0 = Debug|Any CPU
		{59DDAE47-E5D0-4B72-8E21-A306C95A662B}.Debug|x86.ActiveCfg = Debug|x86
		{59DDAE47-E5D0-4B72-8E21-A306C95A662B}.Debug|x86.Build.0 = Debug|x86
		{59DDAE47-E5D0-4B72-8E21-A306C95A662B}.Release|Any CPU.ActiveCfg = Release|Any CPU
		{59DDAE47-E5D0-4B72-8E21-A306C95A662B}.Release|Any CPU.Build.0 = Release|Any CPU
		{59DDAE47-E5D0-4B72-8E21-A306C95A662B}.Release|x64.ActiveCfg = Release|Any CPU
		{59DDAE47-E5D0-4B72-8E21-A306C95A662B}.Release|x64.Build.0 = Release|Any CPU
		{59DDAE47-E5D0-4B72-8E21-A306C95A662B}.Release|x86.ActiveCfg = Release|x86
		{59DDAE47-E5D0-4B72-8E21-A306C95A662B}.Release|x86.Build.0 = Release|x86
		{A3FD13AD-C665-46EF-8EDD-ABF5CE14E90A}.Debug|Any CPU.ActiveCfg = Debug|Win32
		{A3FD13AD-C665-46EF-8EDD-ABF5CE14E90A}.Debug|x64.ActiveCfg = Debug|x64
		{A3FD13AD-C665-46EF-8EDD-ABF5CE14E90A}.Debug|x64.Build.0 = Debug|x64
		{A3FD13AD-C665-46EF-8EDD-ABF5CE14E90A}.Debug|x86.ActiveCfg = Debug|Win32
		{A3FD13AD-C665-46EF-8EDD-ABF5CE14E90A}.Debug|x86.Build.0 = Debug|Win32
		{A3FD13AD-C665-46EF-8EDD-ABF5CE14E90A}.Release|Any CPU.ActiveCfg = Release|Win32
		{A3FD13AD-C665-46EF-8EDD-ABF5CE14E90A}.Release|x64.ActiveCfg = Release|x64
		{A3FD13AD-C665-46EF-8EDD-ABF5CE14E90A}.Release|x64.Build.0 = Release|x64
		{A3FD13AD-C665-46EF-8EDD-ABF5CE14E90A}.Release|x86.ActiveCfg = Release|Win32
		{A3FD13AD-C665-46EF-8EDD-ABF5CE14E90A}.Release|x86.Build.0 = Release|Win32
		{B6A03643-F742-4E90-8718-951BD3256585}.Debug|Any CPU.ActiveCfg = Debug|Win32
		{B6A03643-F742-4E90-8718-951BD3256585}.Debug|x64.ActiveCfg = Debug|x64
		{B6A03643-F742-4E90-8718-951BD3256585}.Debug|x64.Build.0 = Debug|x64
		{B6A03643-F742-4E90-8718-951BD3256585}.Debug|x86.ActiveCfg = Debug|Win32
		{B6A03643-F742-4E90-8718-951BD3256585}.Debug|x86.Build.0 = Debug|Win32
		{B6A03643-F742-4E90-8718-951BD3256585}.Release|Any CPU.ActiveCfg = Release|Win32
		{B6A03643-F742-4E90-8718-951BD3256585}.Release|x64.ActiveCfg = Release|x64
		{B6A03643-F742-4E90-8718-951BD3256585}.Release|x64.Build.0 = Release|x64
		{B6A03643-F742-4E90-8718-951BD3256585}.Release|x86.ActiveCfg = Release|Win32
		{B6A03643-F742-4E90-8718-951BD3256585}.Release|x86.Build.0 = Release|Win32
	EndGlobalSection
	GlobalSection(SolutionProperties) = preSolution
		HideSolutionNode = FALSE
	EndGlobalSection
EndGlobal
